
Microsoft Visual Studio Solution File, Format Version 10.00
# Visual Studio 2008
Project("{FAE04EC0-301F-11D3-BF4B-00C04F79EFBC}") = "Arena.Custom.HDC.WebService", "Arena.Custom.HDC.WebService.csproj", "{FCABB75E-50D9-4011-B7D8-CAC16A6FDC67}"
EndProject
Project("{E24C65DC-7377-472B-9ABA-BC803B73C61A}") = "Arena", "..\..\..\..\..\..\Program Files (x86)\Arena ChMS\Arena\", "{AA53A1B0-D448-47CA-841A-4EFABA69B61C}"
	ProjectSection(WebsiteProperties) = preProject
		TargetFramework = "3.5"
		Debug.AspNetCompiler.VirtualPath = "/Arena"
		Debug.AspNetCompiler.PhysicalPath = "..\..\..\..\..\..\Program Files (x86)\Arena ChMS\Arena\"
		Debug.AspNetCompiler.TargetPath = "PrecompiledWeb\Arena\"
		Debug.AspNetCompiler.Updateable = "true"
		Debug.AspNetCompiler.ForceOverwrite = "true"
		Debug.AspNetCompiler.FixedNames = "false"
		Debug.AspNetCompiler.Debug = "True"
		Release.AspNetCompiler.VirtualPath = "/Arena"
		Release.AspNetCompiler.PhysicalPath = "..\..\..\..\..\..\Program Files (x86)\Arena ChMS\Arena\"
		Release.AspNetCompiler.TargetPath = "PrecompiledWeb\Arena\"
		Release.AspNetCompiler.Updateable = "true"
		Release.AspNetCompiler.ForceOverwrite = "true"
		Release.AspNetCompiler.FixedNames = "false"
		Release.AspNetCompiler.Debug = "False"
		VWDPort = "1129"
	EndProjectSection
EndProject
Project("{FAE04EC0-301F-11D3-BF4B-00C04F79EFBC}") = "Arena.Services", "..\..\..\..\Desktop\Arena.Services\Arena.Services.csproj", "{ACFE0509-D1EC-49CF-B65B-DECF626B3333}"
EndProject
Global
	GlobalSection(SubversionScc) = preSolution
		Svn-Managed = True
		Manager = AnkhSVN - Subversion Support for Visual Studio
	EndGlobalSection
	GlobalSection(SolutionConfigurationPlatforms) = preSolution
		Debug|.NET = Debug|.NET
		Debug|Any CPU = Debug|Any CPU
		Debug|Mixed Platforms = Debug|Mixed Platforms
		Release|.NET = Release|.NET
		Release|Any CPU = Release|Any CPU
		Release|Mixed Platforms = Release|Mixed Platforms
	EndGlobalSection
	GlobalSection(ProjectConfigurationPlatforms) = postSolution
		{FCABB75E-50D9-4011-B7D8-CAC16A6FDC67}.Debug|.NET.ActiveCfg = Debug|Any CPU
		{FCABB75E-50D9-4011-B7D8-CAC16A6FDC67}.Debug|Any CPU.ActiveCfg = Debug|Any CPU
		{FCABB75E-50D9-4011-B7D8-CAC16A6FDC67}.Debug|Any CPU.Build.0 = Debug|Any CPU
		{FCABB75E-50D9-4011-B7D8-CAC16A6FDC67}.Debug|Mixed Platforms.ActiveCfg = Debug|Any CPU
		{FCABB75E-50D9-4011-B7D8-CAC16A6FDC67}.Debug|Mixed Platforms.Build.0 = Debug|Any CPU
		{FCABB75E-50D9-4011-B7D8-CAC16A6FDC67}.Release|.NET.ActiveCfg = Release|Any CPU
		{FCABB75E-50D9-4011-B7D8-CAC16A6FDC67}.Release|Any CPU.ActiveCfg = Release|Any CPU
		{FCABB75E-50D9-4011-B7D8-CAC16A6FDC67}.Release|Any CPU.Build.0 = Release|Any CPU
		{FCABB75E-50D9-4011-B7D8-CAC16A6FDC67}.Release|Mixed Platforms.ActiveCfg = Release|Any CPU
		{FCABB75E-50D9-4011-B7D8-CAC16A6FDC67}.Release|Mixed Platforms.Build.0 = Release|Any CPU
		{AA53A1B0-D448-47CA-841A-4EFABA69B61C}.Debug|.NET.ActiveCfg = Debug|.NET
		{AA53A1B0-D448-47CA-841A-4EFABA69B61C}.Debug|.NET.Build.0 = Debug|.NET
		{AA53A1B0-D448-47CA-841A-4EFABA69B61C}.Debug|Any CPU.ActiveCfg = Debug|.NET
		{AA53A1B0-D448-47CA-841A-4EFABA69B61C}.Debug|Mixed Platforms.ActiveCfg = Debug|.NET
		{AA53A1B0-D448-47CA-841A-4EFABA69B61C}.Debug|Mixed Platforms.Build.0 = Debug|.NET
		{AA53A1B0-D448-47CA-841A-4EFABA69B61C}.Release|.NET.ActiveCfg = Debug|.NET
		{AA53A1B0-D448-47CA-841A-4EFABA69B61C}.Release|.NET.Build.0 = Debug|.NET
		{AA53A1B0-D448-47CA-841A-4EFABA69B61C}.Release|Any CPU.ActiveCfg = Debug|.NET
		{AA53A1B0-D448-47CA-841A-4EFABA69B61C}.Release|Mixed Platforms.ActiveCfg = Debug|.NET
		{AA53A1B0-D448-47CA-841A-4EFABA69B61C}.Release|Mixed Platforms.Build.0 = Debug|.NET
		{ACFE0509-D1EC-49CF-B65B-DECF626B3333}.Debug|.NET.ActiveCfg = Debug|Any CPU
		{ACFE0509-D1EC-49CF-B65B-DECF626B3333}.Debug|Any CPU.ActiveCfg = Debug|Any CPU
		{ACFE0509-D1EC-49CF-B65B-DECF626B3333}.Debug|Any CPU.Build.0 = Debug|Any CPU
		{ACFE0509-D1EC-49CF-B65B-DECF626B3333}.Debug|Mixed Platforms.ActiveCfg = Debug|Any CPU
		{ACFE0509-D1EC-49CF-B65B-DECF626B3333}.Debug|Mixed Platforms.Build.0 = Debug|Any CPU
		{ACFE0509-D1EC-49CF-B65B-DECF626B3333}.Release|.NET.ActiveCfg = Release|Any CPU
		{ACFE0509-D1EC-49CF-B65B-DECF626B3333}.Release|Any CPU.ActiveCfg = Release|Any CPU
		{ACFE0509-D1EC-49CF-B65B-DECF626B3333}.Release|Any CPU.Build.0 = Release|Any CPU
		{ACFE0509-D1EC-49CF-B65B-DECF626B3333}.Release|Mixed Platforms.ActiveCfg = Release|Any CPU
		{ACFE0509-D1EC-49CF-B65B-DECF626B3333}.Release|Mixed Platforms.Build.0 = Release|Any CPU
	EndGlobalSection
	GlobalSection(SolutionProperties) = preSolution
		HideSolutionNode = FALSE
	EndGlobalSection
EndGlobal
